<?xml version="1.0" encoding="utf-8"?>
<Project ToolsVersion="17.0" xmlns="http://schemas.microsoft.com/developer/msbuild/2003">
  <ItemGroup>
    <ClCompile Include="C:\src\OpenGL\NeHe_Lesson09-master\src\Lesson09.c">
      <Filter>Source Files</Filter>
    </ClCompile>
  </ItemGroup>
  <ItemGroup>
    <CustomBuild Include="C:\src\OpenGL\NeHe_Lesson09-master\CMAKELists.txt" />
  </ItemGroup>
  <ItemGroup>
    <ResourceCompile Include="C:\src\OpenGL\NeHe_Lesson09-master\src\Lesson09.rc">
      <Filter>Source Files</Filter>
    </ResourceCompile>
  </ItemGroup>
  <ItemGroup>
    <Filter Include="Source Files">
      <UniqueIdentifier>{8412B856-D775-3331-8650-792861CEE34C}</UniqueIdentifier>
    </Filter>
  </ItemGroup>
</Project>
